// !$*UTF8*$!
{
	archiveVersion = 1;
	classes = {
	};
	objectVersion = 50;
	objects = {

/* Begin PBXBuildFile section */
		30CBF8EA216458CB003E5015 /* AppDelegate.swift in Sources */ = {isa = PBXBuildFile; fileRef = 30CBF8E9216458CB003E5015 /* AppDelegate.swift */; };
		30CBF8EC216458CB003E5015 /* ViewController.swift in Sources */ = {isa = PBXBuildFile; fileRef = 30CBF8EB216458CB003E5015 /* ViewController.swift */; };
		30CBF8EF216458CB003E5015 /* Main.storyboard in Resources */ = {isa = PBXBuildFile; fileRef = 30CBF8ED216458CB003E5015 /* Main.storyboard */; };
		30CBF8F1216458CB003E5015 /* Assets.xcassets in Resources */ = {isa = PBXBuildFile; fileRef = 30CBF8F0216458CB003E5015 /* Assets.xcassets */; };
		30CBF8F4216458CB003E5015 /* LaunchScreen.storyboard in Resources */ = {isa = PBXBuildFile; fileRef = 30CBF8F2216458CB003E5015 /* LaunchScreen.storyboard */; };
		30CBF8FF216458CC003E5015 /* InstagramCloneTests.swift in Sources */ = {isa = PBXBuildFile; fileRef = 30CBF8FE216458CC003E5015 /* InstagramCloneTests.swift */; };
		30CBF90A216458CC003E5015 /* InstagramCloneUITests.swift in Sources */ = {isa = PBXBuildFile; fileRef = 30CBF909216458CC003E5015 /* InstagramCloneUITests.swift */; };
/* End PBXBuildFile section */

/* Begin PBXContainerItemProxy section */
		30CBF8FB216458CC003E5015 /* PBXContainerItemProxy */ = {
			isa = PBXContainerItemProxy;
			containerPortal = 30CBF8DE216458CB003E5015 /* Project object */;
			proxyType = 1;
			remoteGlobalIDString = 30CBF8E5216458CB003E5015;
			remoteInfo = InstagramClone;
		};
		30CBF906216458CC003E5015 /* PBXContainerItemProxy */ = {
			isa = PBXContainerItemProxy;
			containerPortal = 30CBF8DE216458CB003E5015 /* Project object */;
			proxyType = 1;
			remoteGlobalIDString = 30CBF8E5216458CB003E5015;
			remoteInfo = InstagramClone;
		};
/* End PBXContainerItemProxy section */

/* Begin PBXFileReference section */
		30CBF8E6216458CB003E5015 /* InstagramClone.app */ = {isa = PBXFileReference; explicitFileType = wrapper.application; includeInIndex = 0; path = InstagramClone.app; sourceTree = BUILT_PRODUCTS_DIR; };
		30CBF8E9216458CB003E5015 /* AppDelegate.swift */ = {isa = PBXFileReference; lastKnownFileType = sourcecode.swift; path = AppDelegate.swift; sourceTree = "<group>"; };
		30CBF8EB216458CB003E5015 /* ViewController.swift */ = {isa = PBXFileReference; lastKnownFileType = sourcecode.swift; path = ViewController.swift; sourceTree = "<group>"; };
		30CBF8EE216458CB003E5015 /* Base */ = {isa = PBXFileReference; lastKnownFileType = file.storyboard; name = Base; path = Base.lproj/Main.storyboard; sourceTree = "<group>"; };
		30CBF8F0216458CB003E5015 /* Assets.xcassets */ = {isa = PBXFileReference; lastKnownFileType = folder.assetcatalog; path = Assets.xcassets; sourceTree = "<group>"; };
		30CBF8F3216458CB003E5015 /* Base */ = {isa = PBXFileReference; lastKnownFileType = file.storyboard; name = Base; path = Base.lproj/LaunchScreen.storyboard; sourceTree = "<group>"; };
		30CBF8F5216458CB003E5015 /* Info.plist */ = {isa = PBXFileReference; lastKnownFileType = text.plist.xml; path = Info.plist; sourceTree = "<group>"; };
		30CBF8FA216458CC003E5015 /* InstagramCloneTests.xctest */ = {isa = PBXFileReference; explicitFileType = wrapper.cfbundle; includeInIndex = 0; path = InstagramCloneTests.xctest; sourceTree = BUILT_PRODUCTS_DIR; };
		30CBF8FE216458CC003E5015 /* InstagramCloneTests.swift */ = {isa = PBXFileReference; lastKnownFileType = sourcecode.swift; path = InstagramCloneTests.swift; sourceTree = "<group>"; };
		30CBF900216458CC003E5015 /* Info.plist */ = {isa = PBXFileReference; lastKnownFileType = text.plist.xml; path = Info.plist; sourceTree = "<group>"; };
		30CBF905216458CC003E5015 /* InstagramCloneUITests.xctest */ = {isa = PBXFileReference; explicitFileType = wrapper.cfbundle; includeInIndex = 0; path = InstagramCloneUITests.xctest; sourceTree = BUILT_PRODUCTS_DIR; };
		30CBF909216458CC003E5015 /* InstagramCloneUITests.swift */ = {isa = PBXFileReference; lastKnownFileType = sourcecode.swift; path = InstagramCloneUITests.swift; sourceTree = "<group>"; };
		30CBF90B216458CC003E5015 /* Info.plist */ = {isa = PBXFileReference; lastKnownFileType = text.plist.xml; path = Info.plist; sourceTree = "<group>"; };
/* End PBXFileReference section */

/* Begin PBXFrameworksBuildPhase section */
		30CBF8E3216458CB003E5015 /* Frameworks */ = {
			isa = PBXFrameworksBuildPhase;
			buildActionMask = 2147483647;
			files = (
			);
			runOnlyForDeploymentPostprocessing = 0;
		};
		30CBF8F7216458CC003E5015 /* Frameworks */ = {
			isa = PBXFrameworksBuildPhase;
			buildActionMask = 2147483647;
			files = (
			);
			runOnlyForDeploymentPostprocessing = 0;
		};
		30CBF902216458CC003E5015 /* Frameworks */ = {
			isa = PBXFrameworksBuildPhase;
			buildActionMask = 2147483647;
			files = (
			);
			runOnlyForDeploymentPostprocessing = 0;
		};
/* End PBXFrameworksBuildPhase section */

/* Begin PBXGroup section */
		30CBF8DD216458CB003E5015 = {
			isa = PBXGroup;
			children = (
				30CBF8E8216458CB003E5015 /* InstagramClone */,
				30CBF8FD216458CC003E5015 /* InstagramCloneTests */,
				30CBF908216458CC003E5015 /* InstagramCloneUITests */,
				30CBF8E7216458CB003E5015 /* Products */,
			);
			sourceTree = "<group>";
		};
		30CBF8E7216458CB003E5015 /* Products */ = {
			isa = PBXGroup;
			children = (
				30CBF8E6216458CB003E5015 /* InstagramClone.app */,
				30CBF8FA216458CC003E5015 /* InstagramCloneTests.xctest */,
				30CBF905216458CC003E5015 /* InstagramCloneUITests.xctest */,
			);
			name = Products;
			sourceTree = "<group>";
		};
		30CBF8E8216458CB003E5015 /* InstagramClone */ = {
			isa = PBXGroup;
			children = (
				30CBF8E9216458CB003E5015 /* AppDelegate.swift */,
				30CBF8EB216458CB003E5015 /* ViewController.swift */,
				30CBF8ED216458CB003E5015 /* Main.storyboard */,
				30CBF8F0216458CB003E5015 /* Assets.xcassets */,
				30CBF8F2216458CB003E5015 /* LaunchScreen.storyboard */,
				30CBF8F5216458CB003E5015 /* Info.plist */,
			);
			path = InstagramClone;
			sourceTree = "<group>";
		};
		30CBF8FD216458CC003E5015 /* InstagramCloneTests */ = {
			isa = PBXGroup;
			children = (
				30CBF8FE216458CC003E5015 /* InstagramCloneTests.swift */,
				30CBF900216458CC003E5015 /* Info.plist */,
			);
			path = InstagramCloneTests;
			sourceTree = "<group>";
		};
		30CBF908216458CC003E5015 /* InstagramCloneUITests */ = {
			isa = PBXGroup;
			children = (
				30CBF909216458CC003E5015 /* InstagramCloneUITests.swift */,
				30CBF90B216458CC003E5015 /* Info.plist */,
			);
			path = InstagramCloneUITests;
			sourceTree = "<group>";
		};
/* End PBXGroup section */

/* Begin PBXNativeTarget section */
		30CBF8E5216458CB003E5015 /* InstagramClone */ = {
			isa = PBXNativeTarget;
			buildConfigurationList = 30CBF90E216458CC003E5015 /* Build configuration list for PBXNativeTarget "InstagramClone" */;
			buildPhases = (
				30CBF8E2216458CB003E5015 /* Sources */,
				30CBF8E3216458CB003E5015 /* Frameworks */,
				30CBF8E4216458CB003E5015 /* Resources */,
			);
			buildRules = (
			);
			dependencies = (
			);
			name = InstagramClone;
			productName = InstagramClone;
			productReference = 30CBF8E6216458CB003E5015 /* InstagramClone.app */;
			productType = "com.apple.product-type.application";
		};
		30CBF8F9216458CC003E5015 /* InstagramCloneTests */ = {
			isa = PBXNativeTarget;
			buildConfigurationList = 30CBF911216458CC003E5015 /* Build configuration list for PBXNativeTarget "InstagramCloneTests" */;
			buildPhases = (
				30CBF8F6216458CC003E5015 /* Sources */,
				30CBF8F7216458CC003E5015 /* Frameworks */,
				30CBF8F8216458CC003E5015 /* Resources */,
			);
			buildRules = (
			);
			dependencies = (
				30CBF8FC216458CC003E5015 /* PBXTargetDependency */,
			);
			name = InstagramCloneTests;
			productName = InstagramCloneTests;
			productReference = 30CBF8FA216458CC003E5015 /* InstagramCloneTests.xctest */;
			productType = "com.apple.product-type.bundle.unit-test";
		};
		30CBF904216458CC003E5015 /* InstagramCloneUITests */ = {
			isa = PBXNativeTarget;
			buildConfigurationList = 30CBF914216458CC003E5015 /* Build configuration list for PBXNativeTarget "InstagramCloneUITests" */;
			buildPhases = (
				30CBF901216458CC003E5015 /* Sources */,
				30CBF902216458CC003E5015 /* Frameworks */,
				30CBF903216458CC003E5015 /* Resources */,
			);
			buildRules = (
			);
			dependencies = (
				30CBF907216458CC003E5015 /* PBXTargetDependency */,
			);
			name = InstagramCloneUITests;
			productName = InstagramCloneUITests;
			productReference = 30CBF905216458CC003E5015 /* InstagramCloneUITests.xctest */;
			productType = "com.apple.product-type.bundle.ui-testing";
		};
/* End PBXNativeTarget section */

/* Begin PBXProject section */
		30CBF8DE216458CB003E5015 /* Project object */ = {
			isa = PBXProject;
			attributes = {
				LastSwiftUpdateCheck = 0940;
				LastUpgradeCheck = 0940;
				ORGANIZATIONNAME = "Danny Rivera";
				TargetAttributes = {
					30CBF8E5216458CB003E5015 = {
						CreatedOnToolsVersion = 9.4.1;
					};
					30CBF8F9216458CC003E5015 = {
						CreatedOnToolsVersion = 9.4.1;
						TestTargetID = 30CBF8E5216458CB003E5015;
					};
					30CBF904216458CC003E5015 = {
						CreatedOnToolsVersion = 9.4.1;
						TestTargetID = 30CBF8E5216458CB003E5015;
					};
				};
			};
			buildConfigurationList = 30CBF8E1216458CB003E5015 /* Build configuration list for PBXProject "InstagramClone" */;
			compatibilityVersion = "Xcode 9.3";
			developmentRegion = en;
			hasScannedForEncodings = 0;
			knownRegions = (
				en,
				Base,
			);
			mainGroup = 30CBF8DD216458CB003E5015;
			productRefGroup = 30CBF8E7216458CB003E5015 /* Products */;
			projectDirPath = "";
			projectRoot = "";
			targets = (
				30CBF8E5216458CB003E5015 /* InstagramClone */,
				30CBF8F9216458CC003E5015 /* InstagramCloneTests */,
				30CBF904216458CC003E5015 /* InstagramCloneUITests */,
			);
		};
/* End PBXProject section */

/* Begin PBXResourcesBuildPhase section */
		30CBF8E4216458CB003E5015 /* Resources */ = {
			isa = PBXResourcesBuildPhase;
			buildActionMask = 2147483647;
			files = (
				30CBF8F4216458CB003E5015 /* LaunchScreen.storyboard in Resources */,
				30CBF8F1216458CB003E5015 /* Assets.xcassets in Resources */,
				30CBF8EF216458CB003E5015 /* Main.storyboard in Resources */,
			);
			runOnlyForDeploymentPostprocessing = 0;
		};
		30CBF8F8216458CC003E5015 /* Resources */ = {
			isa = PBXResourcesBuildPhase;
			buildActionMask = 2147483647;
			files = (
			);
			runOnlyForDeploymentPostprocessing = 0;
		};
		30CBF903216458CC003E5015 /* Resources */ = {
			isa = PBXResourcesBuildPhase;
			buildActionMask = 2147483647;
			files = (
			);
			runOnlyForDeploymentPostprocessing = 0;
		};
/* End PBXResourcesBuildPhase section */

/* Begin PBXSourcesBuildPhase section */
		30CBF8E2216458CB003E5015 /* Sources */ = {
			isa = PBXSourcesBuildPhase;
			buildActionMask = 2147483647;
			files = (
				30CBF8EC216458CB003E5015 /* ViewController.swift in Sources */,
				30CBF8EA216458CB003E5015 /* AppDelegate.swift in Sources */,
			);
			runOnlyForDeploymentPostprocessing = 0;
		};
		30CBF8F6216458CC003E5015 /* Sources */ = {
			isa = PBXSourcesBuildPhase;
			buildActionMask = 2147483647;
			files = (
				30CBF8FF216458CC003E5015 /* InstagramCloneTests.swift in Sources */,
			);
			runOnlyForDeploymentPostprocessing = 0;
		};
		30CBF901216458CC003E5015 /* Sources */ = {
			isa = PBXSourcesBuildPhase;
			buildActionMask = 2147483647;
			files = (
				30CBF90A216458CC003E5015 /* InstagramCloneUITests.swift in Sources */,
			);
			runOnlyForDeploymentPostprocessing = 0;
		};
/* End PBXSourcesBuildPhase section */

/* Begin PBXTargetDependency section */
		30CBF8FC216458CC003E5015 /* PBXTargetDependency */ = {
			isa = PBXTargetDependency;
			target = 30CBF8E5216458CB003E5015 /* InstagramClone */;
			targetProxy = 30CBF8FB216458CC003E5015 /* PBXContainerItemProxy */;
		};
		30CBF907216458CC003E5015 /* PBXTargetDependency */ = {
			isa = PBXTargetDependency;
			target = 30CBF8E5216458CB003E5015 /* InstagramClone */;
			targetProxy = 30CBF906216458CC003E5015 /* PBXContainerItemProxy */;
		};
/* End PBXTargetDependency section */

/* Begin PBXVariantGroup section */
		30CBF8ED216458CB003E5015 /* Main.storyboard */ = {
			isa = PBXVariantGroup;
			children = (
				30CBF8EE216458CB003E5015 /* Base */,
			);
			name = Main.storyboard;
			sourceTree = "<group>";
		};
		30CBF8F2216458CB003E5015 /* LaunchScreen.storyboard */ = {
			isa = PBXVariantGroup;
			children = (
				30CBF8F3216458CB003E5015 /* Base */,
			);
			name = LaunchScreen.storyboard;
			sourceTree = "<group>";
		};
/* End PBXVariantGroup section */

/* Begin XCBuildConfiguration section */
		30CBF90C216458CC003E5015 /* Debug */ = {
			isa = XCBuildConfiguration;
			buildSettings = {
				ALWAYS_SEARCH_USER_PATHS = NO;
				CLANG_ANALYZER_NONNULL = YES;
				CLANG_ANALYZER_NUMBER_OBJECT_CONVERSION = YES_AGGRESSIVE;
				CLANG_CXX_LANGUAGE_STANDARD = "gnu++14";
				CLANG_CXX_LIBRARY = "libc++";
				CLANG_ENABLE_MODULES = YES;
				CLANG_ENABLE_OBJC_ARC = YES;
				CLANG_ENABLE_OBJC_WEAK = YES;
				CLANG_WARN_BLOCK_CAPTURE_AUTORELEASING = YES;
				CLANG_WARN_BOOL_CONVERSION = YES;
				CLANG_WARN_COMMA = YES;
				CLANG_WARN_CONSTANT_CONVERSION = YES;
				CLANG_WARN_DEPRECATED_OBJC_IMPLEMENTATIONS = YES;
				CLANG_WARN_DIRECT_OBJC_ISA_USAGE = YES_ERROR;
				CLANG_WARN_DOCUMENTATION_COMMENTS = YES;
				CLANG_WARN_EMPTY_BODY = YES;
				CLANG_WARN_ENUM_CONVERSION = YES;
				CLANG_WARN_INFINITE_RECURSION = YES;
				CLANG_WARN_INT_CONVERSION = YES;
				CLANG_WARN_NON_LITERAL_NULL_CONVERSION = YES;
				CLANG_WARN_OBJC_IMPLICIT_RETAIN_SELF = YES;
				CLANG_WARN_OBJC_LITERAL_CONVERSION = YES;
				CLANG_WARN_OBJC_ROOT_CLASS = YES_ERROR;
				CLANG_WARN_RANGE_LOOP_ANALYSIS = YES;
				CLANG_WARN_STRICT_PROTOTYPES = YES;
				CLANG_WARN_SUSPICIOUS_MOVE = YES;
				CLANG_WARN_UNGUARDED_AVAILABILITY = YES_AGGRESSIVE;
				CLANG_WARN_UNREACHABLE_CODE = YES;
				CLANG_WARN__DUPLICATE_METHOD_MATCH = YES;
				CODE_SIGN_IDENTITY = "iPhone Developer";
				COPY_PHASE_STRIP = NO;
				DEBUG_INFORMATION_FORMAT = dwarf;
				ENABLE_STRICT_OBJC_MSGSEND = YES;
				ENABLE_TESTABILITY = YES;
				GCC_C_LANGUAGE_STANDARD = gnu11;
				GCC_DYNAMIC_NO_PIC = NO;
				GCC_NO_COMMON_BLOCKS = YES;
				GCC_OPTIMIZATION_LEVEL = 0;
				GCC_PREPROCESSOR_DEFINITIONS = (
					"DEBUG=1",
					"$(inherited)",
				);
				GCC_WARN_64_TO_32_BIT_CONVERSION = YES;
				GCC_WARN_ABOUT_RETURN_TYPE = YES_ERROR;
				GCC_WARN_UNDECLARED_SELECTOR = YES;
				GCC_WARN_UNINITIALIZED_AUTOS = YES_AGGRESSIVE;
				GCC_WARN_UNUSED_FUNCTION = YES;
				GCC_WARN_UNUSED_VARIABLE = YES;
				IPHONEOS_DEPLOYMENT_TARGET = 11.4;
				MTL_ENABLE_DEBUG_INFO = YES;
				ONLY_ACTIVE_ARCH = YES;
				SDKROOT = iphoneos;
				SWIFT_ACTIVE_COMPILATION_CONDITIONS = DEBUG;
				SWIFT_OPTIMIZATION_LEVEL = "-Onone";
			};
			name = Debug;
		};
		30CBF90D216458CC003E5015 /* Release */ = {
			isa = XCBuildConfiguration;
			buildSettings = {
				ALWAYS_SEARCH_USER_PATHS = NO;
				CLANG_ANALYZER_NONNULL = YES;
				CLANG_ANALYZER_NUMBER_OBJECT_CONVERSION = YES_AGGRESSIVE;
				CLANG_CXX_LANGUAGE_STANDARD = "gnu++14";
				CLANG_CXX_LIBRARY = "libc++";
				CLANG_ENABLE_MODULES = YES;
				CLANG_ENABLE_OBJC_ARC = YES;
				CLANG_ENABLE_OBJC_WEAK = YES;
				CLANG_WARN_BLOCK_CAPTURE_AUTORELEASING = YES;
				CLANG_WARN_BOOL_CONVERSION = YES;
				CLANG_WARN_COMMA = YES;
				CLANG_WARN_CONSTANT_CONVERSION = YES;
				CLANG_WARN_DEPRECATED_OBJC_IMPLEMENTATIONS = YES;
				CLANG_WARN_DIRECT_OBJC_ISA_USAGE = YES_ERROR;
				CLANG_WARN_DOCUMENTATION_COMMENTS = YES;
				CLANG_WARN_EMPTY_BODY = YES;
				CLANG_WARN_ENUM_CONVERSION = YES;
				CLANG_WARN_INFINITE_RECURSION = YES;
				CLANG_WARN_INT_CONVERSION = YES;
				CLANG_WARN_NON_LITERAL_NULL_CONVERSION = YES;
				CLANG_WARN_OBJC_IMPLICIT_RETAIN_SELF = YES;
				CLANG_WARN_OBJC_LITERAL_CONVERSION = YES;
				CLANG_WARN_OBJC_ROOT_CLASS = YES_ERROR;
				CLANG_WARN_RANGE_LOOP_ANALYSIS = YES;
				CLANG_WARN_STRICT_PROTOTYPES = YES;
				CLANG_WARN_SUSPICIOUS_MOVE = YES;
				CLANG_WARN_UNGUARDED_AVAILABILITY = YES_AGGRESSIVE;
				CLANG_WARN_UNREACHABLE_CODE = YES;
				CLANG_WARN__DUPLICATE_METHOD_MATCH = YES;
				CODE_SIGN_IDENTITY = "iPhone Developer";
				COPY_PHASE_STRIP = NO;
				DEBUG_INFORMATION_FORMAT = "dwarf-with-dsym";
				ENABLE_NS_ASSERTIONS = NO;
				ENABLE_STRICT_OBJC_MSGSEND = YES;
				GCC_C_LANGUAGE_STANDARD = gnu11;
				GCC_NO_COMMON_BLOCKS = YES;
				GCC_WARN_64_TO_32_BIT_CONVERSION = YES;
				GCC_WARN_ABOUT_RETURN_TYPE = YES_ERROR;
				GCC_WARN_UNDECLARED_SELECTOR = YES;
				GCC_WARN_UNINITIALIZED_AUTOS = YES_AGGRESSIVE;
				GCC_WARN_UNUSED_FUNCTION = YES;
				GCC_WARN_UNUSED_VARIABLE = YES;
				IPHONEOS_DEPLOYMENT_TARGET = 11.4;
				MTL_ENABLE_DEBUG_INFO = NO;
				SDKROOT = iphoneos;
				SWIFT_COMPILATION_MODE = wholemodule;
				SWIFT_OPTIMIZATION_LEVEL = "-O";
				VALIDATE_PRODUCT = YES;
			};
			name = Release;
		};
		30CBF90F216458CC003E5015 /* Debug */ = {
			isa = XCBuildConfiguration;
			buildSettings = {
				ASSETCATALOG_COMPILER_APPICON_NAME = AppIcon;
				CODE_SIGN_STYLE = Automatic;
				INFOPLIST_FILE = InstagramClone/Info.plist;
				LD_RUNPATH_SEARCH_PATHS = (
					"$(inherited)",
					"@executable_path/Frameworks",
				);
				PRODUCT_BUNDLE_IDENTIFIER = "Danny-Rivera.InstagramClone";
				PRODUCT_NAME = "$(TARGET_NAME)";
				SWIFT_VERSION = 4.0;
				TARGETED_DEVICE_FAMILY = "1,2";
			};
			name = Debug;
		};
		30CBF910216458CC003E5015 /* Release */ = {
			isa = XCBuildConfiguration;
			buildSettings = {
				ASSETCATALOG_COMPILER_APPICON_NAME = AppIcon;
				CODE_SIGN_STYLE = Automatic;
				INFOPLIST_FILE = InstagramClone/Info.plist;
				LD_RUNPATH_SEARCH_PATHS = (
					"$(inherited)",
					"@executable_path/Frameworks",
				);
				PRODUCT_BUNDLE_IDENTIFIER = "Danny-Rivera.InstagramClone";
				PRODUCT_NAME = "$(TARGET_NAME)";
				SWIFT_VERSION = 4.0;
				TARGETED_DEVICE_FAMILY = "1,2";
			};
			name = Release;
		};
		30CBF912216458CC003E5015 /* Debug */ = {
			isa = XCBuildConfiguration;
			buildSettings = {
				ALWAYS_EMBED_SWIFT_STANDARD_LIBRARIES = YES;
				BUNDLE_LOADER = "$(TEST_HOST)";
				CODE_SIGN_STYLE = Automatic;
				INFOPLIST_FILE = InstagramCloneTests/Info.plist;
				LD_RUNPATH_SEARCH_PATHS = (
					"$(inherited)",
					"@executable_path/Frameworks",
					"@loader_path/Frameworks",
				);
				PRODUCT_BUNDLE_IDENTIFIER = "Danny-Rivera.InstagramCloneTests";
				PRODUCT_NAME = "$(TARGET_NAME)";
				SWIFT_VERSION = 4.0;
				TARGETED_DEVICE_FAMILY = "1,2";
				TEST_HOST = "$(BUILT_PRODUCTS_DIR)/InstagramClone.app/InstagramClone";
			};
			name = Debug;
		};
		30CBF913216458CC003E5015 /* Release */ = {
			isa = XCBuildConfiguration;
			buildSettings = {
				ALWAYS_EMBED_SWIFT_STANDARD_LIBRARIES = YES;
				BUNDLE_LOADER = "$(TEST_HOST)";
				CODE_SIGN_STYLE = Automatic;
				INFOPLIST_FILE = InstagramCloneTests/Info.plist;
				LD_RUNPATH_SEARCH_PATHS = (
					"$(inherited)",
					"@executable_path/Frameworks",
					"@loader_path/Frameworks",
				);
				PRODUCT_BUNDLE_IDENTIFIER = "Danny-Rivera.InstagramCloneTests";
				PRODUCT_NAME = "$(TARGET_NAME)";
				SWIFT_VERSION = 4.0;
				TARGETED_DEVICE_FAMILY = "1,2";
				TEST_HOST = "$(BUILT_PRODUCTS_DIR)/InstagramClone.app/InstagramClone";
			};
			name = Release;
		};
		30CBF915216458CC003E5015 /* Debug */ = {
			isa = XCBuildConfiguration;
			buildSettings = {
				ALWAYS_EMBED_SWIFT_STANDARD_LIBRARIES = YES;
				CODE_SIGN_STYLE = Automatic;
				INFOPLIST_FILE = InstagramCloneUITests/Info.plist;
				LD_RUNPATH_SEARCH_PATHS = (
					"$(inherited)",
					"@executable_path/Frameworks",
					"@loader_path/Frameworks",
				);
				PRODUCT_BUNDLE_IDENTIFIER = "Danny-Rivera.InstagramCloneUITests";
				PRODUCT_NAME = "$(TARGET_NAME)";
				SWIFT_VERSION = 4.0;
				TARGETED_DEVICE_FAMILY = "1,2";
				TEST_TARGET_NAME = InstagramClone;
			};
			name = Debug;
		};
		30CBF916216458CC003E5015 /* Release */ = {
			isa = XCBuildConfiguration;
			buildSettings = {
				ALWAYS_EMBED_SWIFT_STANDARD_LIBRARIES = YES;
				CODE_SIGN_STYLE = Automatic;
				INFOPLIST_FILE = InstagramCloneUITests/Info.plist;
				LD_RUNPATH_SEARCH_PATHS = (
					"$(inherited)",
					"@executable_path/Frameworks",
					"@loader_path/Frameworks",
				);
				PRODUCT_BUNDLE_IDENTIFIER = "Danny-Rivera.InstagramCloneUITests";
				PRODUCT_NAME = "$(TARGET_NAME)";
				SWIFT_VERSION = 4.0;
				TARGETED_DEVICE_FAMILY = "1,2";
				TEST_TARGET_NAME = InstagramClone;
			};
			name = Release;
		};
/* End XCBuildConfiguration section */

/* Begin XCConfigurationList section */
		30CBF8E1216458CB003E5015 /* Build configuration list for PBXProject "InstagramClone" */ = {
			isa = XCConfigurationList;
			buildConfigurations = (
				30CBF90C216458CC003E5015 /* Debug */,
				30CBF90D216458CC003E5015 /* Release */,
			);
			defaultConfigurationIsVisible = 0;
			defaultConfigurationName = Release;
		};
		30CBF90E216458CC003E5015 /* Build configuration list for PBXNativeTarget "InstagramClone" */ = {
			isa = XCConfigurationList;
			buildConfigurations = (
				30CBF90F216458CC003E5015 /* Debug */,
				30CBF910216458CC003E5015 /* Release */,
			);
			defaultConfigurationIsVisible = 0;
			defaultConfigurationName = Release;
		};
		30CBF911216458CC003E5015 /* Build configuration list for PBXNativeTarget "InstagramCloneTests" */ = {
			isa = XCConfigurationList;
			buildConfigurations = (
				30CBF912216458CC003E5015 /* Debug */,
				30CBF913216458CC003E5015 /* Release */,
			);
			defaultConfigurationIsVisible = 0;
			defaultConfigurationName = Release;
		};
		30CBF914216458CC003E5015 /* Build configuration list for PBXNativeTarget "InstagramCloneUITests" */ = {
			isa = XCConfigurationList;
			buildConfigurations = (
				30CBF915216458CC003E5015 /* Debug */,
				30CBF916216458CC003E5015 /* Release */,
			);
			defaultConfigurationIsVisible = 0;
			defaultConfigurationName = Release;
		};
/* End XCConfigurationList section */
	};
	rootObject = 30CBF8DE216458CB003E5015 /* Project object */;
}
